// !$*UTF8*$!
{
	archiveVersion = 1;
	classes = {
	};
	objectVersion = 50;
	objects = {

/* Begin PBXBuildFile section */
		4B3CD87325E61FBA00CF3D96 /* UniqueDI.h in CopyFiles */ = {isa = PBXBuildFile; fileRef = 4B3CD87025E61FBA00CF3D96 /* UniqueDI.h */; };
		4B3CD87F25E620D700CF3D96 /* NSObject+UDI.m in Sources */ = {isa = PBXBuildFile; fileRef = 4B3CD87E25E620D700CF3D96 /* NSObject+UDI.m */; };
		4B3CD88625E6220400CF3D96 /* UDIContext.m in Sources */ = {isa = PBXBuildFile; fileRef = 4B3CD88525E6220400CF3D96 /* UDIContext.m */; };
		4B5D511425E7BC3C001A086E /* UDIQueue.m in Sources */ = {isa = PBXBuildFile; fileRef = 4B5D511325E7BC3C001A086E /* UDIQueue.m */; };
		4B9C2F7625E6504300A7C254 /* UDIManager.m in Sources */ = {isa = PBXBuildFile; fileRef = 4B9C2F7525E6504300A7C254 /* UDIManager.m */; };
/* End PBXBuildFile section */

/* Begin PBXCopyFilesBuildPhase section */
		4B3CD86B25E61FBA00CF3D96 /* CopyFiles */ = {
			isa = PBXCopyFilesBuildPhase;
			buildActionMask = 2147483647;
			dstPath = "include/$(PRODUCT_NAME)";
			dstSubfolderSpec = 16;
			files = (
				4B3CD87325E61FBA00CF3D96 /* UniqueDI.h in CopyFiles */,
			);
			runOnlyForDeploymentPostprocessing = 0;
		};
/* End PBXCopyFilesBuildPhase section */

/* Begin PBXFileReference section */
		4B3CD86D25E61FBA00CF3D96 /* libUniqueDI.a */ = {isa = PBXFileReference; explicitFileType = archive.ar; includeInIndex = 0; path = libUniqueDI.a; sourceTree = BUILT_PRODUCTS_DIR; };
		4B3CD87025E61FBA00CF3D96 /* UniqueDI.h */ = {isa = PBXFileReference; lastKnownFileType = sourcecode.c.h; path = UniqueDI.h; sourceTree = "<group>"; };
		4B3CD87D25E620C900CF3D96 /* NSObject+UDI.h */ = {isa = PBXFileReference; lastKnownFileType = sourcecode.c.h; path = "NSObject+UDI.h"; sourceTree = "<group>"; };
		4B3CD87E25E620D700CF3D96 /* NSObject+UDI.m */ = {isa = PBXFileReference; lastKnownFileType = sourcecode.c.objc; path = "NSObject+UDI.m"; sourceTree = "<group>"; };
		4B3CD88425E621F500CF3D96 /* UDIContext.h */ = {isa = PBXFileReference; lastKnownFileType = sourcecode.c.h; path = UDIContext.h; sourceTree = "<group>"; };
		4B3CD88525E6220400CF3D96 /* UDIContext.m */ = {isa = PBXFileReference; lastKnownFileType = sourcecode.c.objc; path = UDIContext.m; sourceTree = "<group>"; };
		4B427B2C25E64F2B00EDAE44 /* UDIManager.h */ = {isa = PBXFileReference; lastKnownFileType = sourcecode.c.h; path = UDIManager.h; sourceTree = "<group>"; };
		4B5D511225E7BC2F001A086E /* UDIQueue.h */ = {isa = PBXFileReference; lastKnownFileType = sourcecode.c.h; path = UDIQueue.h; sourceTree = "<group>"; };
		4B5D511325E7BC3C001A086E /* UDIQueue.m */ = {isa = PBXFileReference; lastKnownFileType = sourcecode.c.objc; path = UDIQueue.m; sourceTree = "<group>"; };
		4B9C2F7525E6504300A7C254 /* UDIManager.m */ = {isa = PBXFileReference; lastKnownFileType = sourcecode.c.objc; path = UDIManager.m; sourceTree = "<group>"; };
/* End PBXFileReference section */

/* Begin PBXFrameworksBuildPhase section */
		4B3CD86A25E61FBA00CF3D96 /* Frameworks */ = {
			isa = PBXFrameworksBuildPhase;
			buildActionMask = 2147483647;
			files = (
			);
			runOnlyForDeploymentPostprocessing = 0;
		};
/* End PBXFrameworksBuildPhase section */

/* Begin PBXGroup section */
		4B3CD86425E61FBA00CF3D96 = {
			isa = PBXGroup;
			children = (
				4B3CD86F25E61FBA00CF3D96 /* UniqueDI */,
				4B3CD86E25E61FBA00CF3D96 /* Products */,
			);
			sourceTree = "<group>";
		};
		4B3CD86E25E61FBA00CF3D96 /* Products */ = {
			isa = PBXGroup;
			children = (
				4B3CD86D25E61FBA00CF3D96 /* libUniqueDI.a */,
			);
			name = Products;
			sourceTree = "<group>";
		};
		4B3CD86F25E61FBA00CF3D96 /* UniqueDI */ = {
			isa = PBXGroup;
			children = (
				4BBCA4BE25EA0341001B19A4 /* Extension */,
				4B5D511125E7BBED001A086E /* Foundation */,
				4B3CD87025E61FBA00CF3D96 /* UniqueDI.h */,
			);
			path = UniqueDI;
			sourceTree = "<group>";
		};
		4B3CD87C25E6208700CF3D96 /* NSObject+UDI */ = {
			isa = PBXGroup;
			children = (
				4B3CD87D25E620C900CF3D96 /* NSObject+UDI.h */,
				4B3CD87E25E620D700CF3D96 /* NSObject+UDI.m */,
			);
			path = "NSObject+UDI";
			sourceTree = "<group>";
		};
		4B3CD88325E621E300CF3D96 /* UDIContext */ = {
			isa = PBXGroup;
			children = (
				4B3CD88425E621F500CF3D96 /* UDIContext.h */,
				4B3CD88525E6220400CF3D96 /* UDIContext.m */,
			);
			path = UDIContext;
			sourceTree = "<group>";
		};
		4B427B2B25E64F1C00EDAE44 /* UDIManager */ = {
			isa = PBXGroup;
			children = (
				4B427B2C25E64F2B00EDAE44 /* UDIManager.h */,
				4B9C2F7525E6504300A7C254 /* UDIManager.m */,
			);
			path = UDIManager;
			sourceTree = "<group>";
		};
		4B5D511125E7BBED001A086E /* Foundation */ = {
			isa = PBXGroup;
			children = (
				4BBCA4BF25EA0356001B19A4 /* UDIQueue */,
			);
			path = Foundation;
			sourceTree = "<group>";
		};
		4BBCA4BE25EA0341001B19A4 /* Extension */ = {
			isa = PBXGroup;
			children = (
				4B427B2B25E64F1C00EDAE44 /* UDIManager */,
				4B3CD88325E621E300CF3D96 /* UDIContext */,
				4B3CD87C25E6208700CF3D96 /* NSObject+UDI */,
			);
			path = Extension;
			sourceTree = "<group>";
		};
		4BBCA4BF25EA0356001B19A4 /* UDIQueue */ = {
			isa = PBXGroup;
			children = (
				4B5D511225E7BC2F001A086E /* UDIQueue.h */,
				4B5D511325E7BC3C001A086E /* UDIQueue.m */,
			);
			path = UDIQueue;
			sourceTree = "<group>";
		};
/* End PBXGroup section */

/* Begin PBXNativeTarget section */
		4B3CD86C25E61FBA00CF3D96 /* UniqueDI */ = {
			isa = PBXNativeTarget;
			buildConfigurationList = 4B3CD87625E61FBA00CF3D96 /* Build configuration list for PBXNativeTarget "UniqueDI" */;
			buildPhases = (
				4B3CD86925E61FBA00CF3D96 /* Sources */,
				4B3CD86A25E61FBA00CF3D96 /* Frameworks */,
				4B3CD86B25E61FBA00CF3D96 /* CopyFiles */,
			);
			buildRules = (
			);
			dependencies = (
			);
			name = UniqueDI;
			productName = UniqueDI;
			productReference = 4B3CD86D25E61FBA00CF3D96 /* libUniqueDI.a */;
			productType = "com.apple.product-type.library.static";
		};
/* End PBXNativeTarget section */

/* Begin PBXProject section */
		4B3CD86525E61FBA00CF3D96 /* Project object */ = {
			isa = PBXProject;
			attributes = {
				LastUpgradeCheck = 1240;
				TargetAttributes = {
					4B3CD86C25E61FBA00CF3D96 = {
						CreatedOnToolsVersion = 12.4;
					};
				};
			};
			buildConfigurationList = 4B3CD86825E61FBA00CF3D96 /* Build configuration list for PBXProject "UniqueDI" */;
			compatibilityVersion = "Xcode 9.3";
			developmentRegion = en;
			hasScannedForEncodings = 0;
			knownRegions = (
				en,
				Base,
			);
			mainGroup = 4B3CD86425E61FBA00CF3D96;
			productRefGroup = 4B3CD86E25E61FBA00CF3D96 /* Products */;
			projectDirPath = "";
			projectRoot = "";
			targets = (
				4B3CD86C25E61FBA00CF3D96 /* UniqueDI */,
			);
		};
/* End PBXProject section */

/* Begin PBXSourcesBuildPhase section */
		4B3CD86925E61FBA00CF3D96 /* Sources */ = {
			isa = PBXSourcesBuildPhase;
			buildActionMask = 2147483647;
			files = (
				4B9C2F7625E6504300A7C254 /* UDIManager.m in Sources */,
				4B3CD87F25E620D700CF3D96 /* NSObject+UDI.m in Sources */,
				4B3CD88625E6220400CF3D96 /* UDIContext.m in Sources */,
				4B5D511425E7BC3C001A086E /* UDIQueue.m in Sources */,
			);
			runOnlyForDeploymentPostprocessing = 0;
		};
/* End PBXSourcesBuildPhase section */

/* Begin XCBuildConfiguration section */
		4B3CD87425E61FBA00CF3D96 /* Debug */ = {
			isa = XCBuildConfiguration;
			buildSettings = {
				ALWAYS_SEARCH_USER_PATHS = NO;
				CLANG_ANALYZER_NONNULL = YES;
				CLANG_ANALYZER_NUMBER_OBJECT_CONVERSION = YES_AGGRESSIVE;
				CLANG_CXX_LANGUAGE_STANDARD = "gnu++14";
				CLANG_CXX_LIBRARY = "libc++";
				CLANG_ENABLE_MODULES = YES;
				CLANG_ENABLE_OBJC_ARC = YES;
				CLANG_ENABLE_OBJC_WEAK = YES;
				CLANG_WARN_BLOCK_CAPTURE_AUTORELEASING = YES;
				CLANG_WARN_BOOL_CONVERSION = YES;
				CLANG_WARN_COMMA = YES;
				CLANG_WARN_CONSTANT_CONVERSION = YES;
				CLANG_WARN_DEPRECATED_OBJC_IMPLEMENTATIONS = YES;
				CLANG_WARN_DIRECT_OBJC_ISA_USAGE = YES_ERROR;
				CLANG_WARN_DOCUMENTATION_COMMENTS = YES;
				CLANG_WARN_EMPTY_BODY = YES;
				CLANG_WARN_ENUM_CONVERSION = YES;
				CLANG_WARN_INFINITE_RECURSION = YES;
				CLANG_WARN_INT_CONVERSION = YES;
				CLANG_WARN_NON_LITERAL_NULL_CONVERSION = YES;
				CLANG_WARN_OBJC_IMPLICIT_RETAIN_SELF = YES;
				CLANG_WARN_OBJC_LITERAL_CONVERSION = YES;
				CLANG_WARN_OBJC_ROOT_CLASS = YES_ERROR;
				CLANG_WARN_QUOTED_INCLUDE_IN_FRAMEWORK_HEADER = YES;
				CLANG_WARN_RANGE_LOOP_ANALYSIS = YES;
				CLANG_WARN_STRICT_PROTOTYPES = YES;
				CLANG_WARN_SUSPICIOUS_MOVE = YES;
				CLANG_WARN_UNGUARDED_AVAILABILITY = YES_AGGRESSIVE;
				CLANG_WARN_UNREACHABLE_CODE = YES;
				CLANG_WARN__DUPLICATE_METHOD_MATCH = YES;
				COPY_PHASE_STRIP = NO;
				DEBUG_INFORMATION_FORMAT = dwarf;
				ENABLE_STRICT_OBJC_MSGSEND = YES;
				ENABLE_TESTABILITY = YES;
				GCC_C_LANGUAGE_STANDARD = gnu11;
				GCC_DYNAMIC_NO_PIC = NO;
				GCC_NO_COMMON_BLOCKS = YES;
				GCC_OPTIMIZATION_LEVEL = 0;
				GCC_PREPROCESSOR_DEFINITIONS = (
					"DEBUG=1",
					"$(inherited)",
				);
				GCC_WARN_64_TO_32_BIT_CONVERSION = YES;
				GCC_WARN_ABOUT_RETURN_TYPE = YES_ERROR;
				GCC_WARN_UNDECLARED_SELECTOR = YES;
				GCC_WARN_UNINITIALIZED_AUTOS = YES_AGGRESSIVE;
				GCC_WARN_UNUSED_FUNCTION = YES;
				GCC_WARN_UNUSED_VARIABLE = YES;
				IPHONEOS_DEPLOYMENT_TARGET = 14.4;
				MTL_ENABLE_DEBUG_INFO = INCLUDE_SOURCE;
				MTL_FAST_MATH = YES;
				ONLY_ACTIVE_ARCH = YES;
				SDKROOT = iphoneos;
			};
			name = Debug;
		};
		4B3CD87525E61FBA00CF3D96 /* Release */ = {
			isa = XCBuildConfiguration;
			buildSettings = {
				ALWAYS_SEARCH_USER_PATHS = NO;
				CLANG_ANALYZER_NONNULL = YES;
				CLANG_ANALYZER_NUMBER_OBJECT_CONVERSION = YES_AGGRESSIVE;
				CLANG_CXX_LANGUAGE_STANDARD = "gnu++14";
				CLANG_CXX_LIBRARY = "libc++";
				CLANG_ENABLE_MODULES = YES;
				CLANG_ENABLE_OBJC_ARC = YES;
				CLANG_ENABLE_OBJC_WEAK = YES;
				CLANG_WARN_BLOCK_CAPTURE_AUTORELEASING = YES;
				CLANG_WARN_BOOL_CONVERSION = YES;
				CLANG_WARN_COMMA = YES;
				CLANG_WARN_CONSTANT_CONVERSION = YES;
				CLANG_WARN_DEPRECATED_OBJC_IMPLEMENTATIONS = YES;
				CLANG_WARN_DIRECT_OBJC_ISA_USAGE = YES_ERROR;
				CLANG_WARN_DOCUMENTATION_COMMENTS = YES;
				CLANG_WARN_EMPTY_BODY = YES;
				CLANG_WARN_ENUM_CONVERSION = YES;
				CLANG_WARN_INFINITE_RECURSION = YES;
				CLANG_WARN_INT_CONVERSION = YES;
				CLANG_WARN_NON_LITERAL_NULL_CONVERSION = YES;
				CLANG_WARN_OBJC_IMPLICIT_RETAIN_SELF = YES;
				CLANG_WARN_OBJC_LITERAL_CONVERSION = YES;
				CLANG_WARN_OBJC_ROOT_CLASS = YES_ERROR;
				CLANG_WARN_QUOTED_INCLUDE_IN_FRAMEWORK_HEADER = YES;
				CLANG_WARN_RANGE_LOOP_ANALYSIS = YES;
				CLANG_WARN_STRICT_PROTOTYPES = YES;
				CLANG_WARN_SUSPICIOUS_MOVE = YES;
				CLANG_WARN_UNGUARDED_AVAILABILITY = YES_AGGRESSIVE;
				CLANG_WARN_UNREACHABLE_CODE = YES;
				CLANG_WARN__DUPLICATE_METHOD_MATCH = YES;
				COPY_PHASE_STRIP = NO;
				DEBUG_INFORMATION_FORMAT = "dwarf-with-dsym";
				ENABLE_NS_ASSERTIONS = NO;
				ENABLE_STRICT_OBJC_MSGSEND = YES;
				GCC_C_LANGUAGE_STANDARD = gnu11;
				GCC_NO_COMMON_BLOCKS = YES;
				GCC_WARN_64_TO_32_BIT_CONVERSION = YES;
				GCC_WARN_ABOUT_RETURN_TYPE = YES_ERROR;
				GCC_WARN_UNDECLARED_SELECTOR = YES;
				GCC_WARN_UNINITIALIZED_AUTOS = YES_AGGRESSIVE;
				GCC_WARN_UNUSED_FUNCTION = YES;
				GCC_WARN_UNUSED_VARIABLE = YES;
				IPHONEOS_DEPLOYMENT_TARGET = 14.4;
				MTL_ENABLE_DEBUG_INFO = NO;
				MTL_FAST_MATH = YES;
				SDKROOT = iphoneos;
				VALIDATE_PRODUCT = YES;
			};
			name = Release;
		};
		4B3CD87725E61FBA00CF3D96 /* Debug */ = {
			isa = XCBuildConfiguration;
			buildSettings = {
				CODE_SIGN_STYLE = Automatic;
				DEVELOPMENT_TEAM = YTDF7SPBSN;
				IPHONEOS_DEPLOYMENT_TARGET = 11.0;
				OTHER_LDFLAGS = "-ObjC";
				PRODUCT_NAME = "$(TARGET_NAME)";
				SKIP_INSTALL = YES;
				TARGETED_DEVICE_FAMILY = "1,2";
			};
			name = Debug;
		};
		4B3CD87825E61FBA00CF3D96 /* Release */ = {
			isa = XCBuildConfiguration;
			buildSettings = {
				CODE_SIGN_STYLE = Automatic;
				DEVELOPMENT_TEAM = YTDF7SPBSN;
				IPHONEOS_DEPLOYMENT_TARGET = 11.0;
				OTHER_LDFLAGS = "-ObjC";
				PRODUCT_NAME = "$(TARGET_NAME)";
				SKIP_INSTALL = YES;
				TARGETED_DEVICE_FAMILY = "1,2";
			};
			name = Release;
		};
/* End XCBuildConfiguration section */

/* Begin XCConfigurationList section */
		4B3CD86825E61FBA00CF3D96 /* Build configuration list for PBXProject "UniqueDI" */ = {
			isa = XCConfigurationList;
			buildConfigurations = (
				4B3CD87425E61FBA00CF3D96 /* Debug */,
				4B3CD87525E61FBA00CF3D96 /* Release */,
			);
			defaultConfigurationIsVisible = 0;
			defaultConfigurationName = Release;
		};
		4B3CD87625E61FBA00CF3D96 /* Build configuration list for PBXNativeTarget "UniqueDI" */ = {
			isa = XCConfigurationList;
			buildConfigurations = (
				4B3CD87725E61FBA00CF3D96 /* Debug */,
				4B3CD87825E61FBA00CF3D96 /* Release */,
			);
			defaultConfigurationIsVisible = 0;
			defaultConfigurationName = Release;
		};
/* End XCConfigurationList section */
	};
	rootObject = 4B3CD86525E61FBA00CF3D96 /* Project object */;
}
